{
  "name": "chromonics",
  "version": "1.0.0",
  "lockfileVersion": 2,
  "requires": true,
  "packages": {
    "": {
      "name": "chromonics",
      "version": "1.0.0",
      "license": "ISC",
      "dependencies": {
        "vcardparser": "^1.0.3"
      }
    },
    "node_modules/vcardparser": {
      "version": "1.0.3",
      "resolved": "https://registry.npmjs.org/vcardparser/-/vcardparser-1.0.3.tgz",
      "integrity": "sha1-d6c0+NXKFH4Mk5nnxC3STphKgug="
    }
  },
  "dependencies": {
    "vcardparser": {
      "version": "1.0.3",
      "resolved": "https://registry.npmjs.org/vcardparser/-/vcardparser-1.0.3.tgz",
      "integrity": "sha1-d6c0+NXKFH4Mk5nnxC3STphKgug="
    }
  }
}
